
Microsoft Visual Studio Solution File, Format Version 12.00
# Visual Studio Version 16
VisualStudioVersion = 16.0.30804.86
MinimumVisualStudioVersion = 10.0.40219.1
Project("{FAE04EC0-301F-11D3-BF4B-00C04F79EFBC}") = "OpenClassRoom_Delegate_Multicast", "OpenClassRoom_Delegate_Multicast\OpenClassRoom_Delegate_Multicast.csproj", "{B51E273D-1256-4683-960F-909C544882D6}"
EndProject
Global
	GlobalSection(SolutionConfigurationPlatforms) = preSolution
		Debug|Any CPU = Debug|Any CPU
		Release|Any CPU = Release|Any CPU
	EndGlobalSection
	GlobalSection(ProjectConfigurationPlatforms) = postSolution
		{B51E273D-1256-4683-960F-909C544882D6}.Debug|Any CPU.ActiveCfg = Debug|Any CPU
		{B51E273D-1256-4683-960F-909C544882D6}.Debug|Any CPU.Build.0 = Debug|Any CPU
		{B51E273D-1256-4683-960F-909C544882D6}.Release|Any CPU.ActiveCfg = Release|Any CPU
		{B51E273D-1256-4683-960F-909C544882D6}.Release|Any CPU.Build.0 = Release|Any CPU
	EndGlobalSection
	GlobalSection(SolutionProperties) = preSolution
		HideSolutionNode = FALSE
	EndGlobalSection
	GlobalSection(ExtensibilityGlobals) = postSolution
		SolutionGuid = {2D3C93E4-5C3D-47DC-AB00-844B231C0E01}
	EndGlobalSection
EndGlobal
